
Microsoft Visual Studio Solution File, Format Version 12.00
# Visual Studio 2013
VisualStudioVersion = 12.0.30723.0
MinimumVisualStudioVersion = 10.0.40219.1
Project("{8BC9CEB8-8B4A-11D0-8D11-00A0C91BC942}") = "TestProject", "TestProject\TestProject.vcxproj", "{DC9967F6-0A76-47BC-A03A-F002D4073D8E}"
	ProjectSection(ProjectDependencies) = postProject
		{3AC984DD-D57E-4970-B695-599C5C799944} = {3AC984DD-D57E-4970-B695-599C5C799944}
	EndProjectSection
EndProject
Project("{8BC9CEB8-8B4A-11D0-8D11-00A0C91BC942}") = "Planning", "Planning\Planning.vcxproj", "{3AC984DD-D57E-4970-B695-599C5C799944}"
EndProject
Project("{2150E333-8FDC-42A3-9474-1A3956D46DE8}") = "Solution Items", "Solution Items", "{4970A2B3-6567-42D7-9ED7-B7391EE7CADF}"
	ProjectSection(SolutionItems) = preProject
		Performance1.psess = Performance1.psess
	EndProjectSection
EndProject
Global
	GlobalSection(SolutionConfigurationPlatforms) = preSolution
		Debug|Win32 = Debug|Win32
		Release|Win32 = Release|Win32
	EndGlobalSection
	GlobalSection(ProjectConfigurationPlatforms) = postSolution
		{DC9967F6-0A76-47BC-A03A-F002D4073D8E}.Debug|Win32.ActiveCfg = Debug|Win32
		{DC9967F6-0A76-47BC-A03A-F002D4073D8E}.Debug|Win32.Build.0 = Debug|Win32
		{DC9967F6-0A76-47BC-A03A-F002D4073D8E}.Release|Win32.ActiveCfg = Release|Win32
		{DC9967F6-0A76-47BC-A03A-F002D4073D8E}.Release|Win32.Build.0 = Release|Win32
		{3AC984DD-D57E-4970-B695-599C5C799944}.Debug|Win32.ActiveCfg = Debug|Win32
		{3AC984DD-D57E-4970-B695-599C5C799944}.Debug|Win32.Build.0 = Debug|Win32
		{3AC984DD-D57E-4970-B695-599C5C799944}.Release|Win32.ActiveCfg = Release|Win32
		{3AC984DD-D57E-4970-B695-599C5C799944}.Release|Win32.Build.0 = Release|Win32
	EndGlobalSection
	GlobalSection(SolutionProperties) = preSolution
		HideSolutionNode = FALSE
	EndGlobalSection
	GlobalSection(Performance) = preSolution
		HasPerformanceSessions = true
	EndGlobalSection
EndGlobal
